
Microsoft Visual Studio Solution File, Format Version 12.00
# Visual Studio Version 16
VisualStudioVersion = 16.0.28803.452
MinimumVisualStudioVersion = 10.0.40219.1
Project("{FAE04EC0-301F-11D3-BF4B-00C04F79EFBC}") = "Lesson6", "Lesson6.csproj", "{37E2156D-1E2F-4CE5-A26C-726FCFF01A6C}"
EndProject
Global
	GlobalSection(SolutionConfigurationPlatforms) = preSolution
		Debug|Any CPU = Debug|Any CPU
		Release|Any CPU = Release|Any CPU
	EndGlobalSection
	GlobalSection(ProjectConfigurationPlatforms) = postSolution
		{37E2156D-1E2F-4CE5-A26C-726FCFF01A6C}.Debug|Any CPU.ActiveCfg = Debug|Any CPU
		{37E2156D-1E2F-4CE5-A26C-726FCFF01A6C}.Debug|Any CPU.Build.0 = Debug|Any CPU
		{37E2156D-1E2F-4CE5-A26C-726FCFF01A6C}.Release|Any CPU.ActiveCfg = Release|Any CPU
		{37E2156D-1E2F-4CE5-A26C-726FCFF01A6C}.Release|Any CPU.Build.0 = Release|Any CPU
	EndGlobalSection
	GlobalSection(SolutionProperties) = preSolution
		HideSolutionNode = FALSE
	EndGlobalSection
	GlobalSection(ExtensibilityGlobals) = postSolution
		SolutionGuid = {AE470657-E666-41B7-8144-E274B4F6DB11}
	EndGlobalSection
EndGlobal
